
Microsoft Visual Studio Solution File, Format Version 12.00
# Visual Studio Version 16
VisualStudioVersion = 16.0.31605.320
MinimumVisualStudioVersion = 10.0.40219.1
Project("{FAE04EC0-301F-11D3-BF4B-00C04F79EFBC}") = "Generics Assignment", "Generics Assignment\Generics Assignment.csproj", "{A982F217-0560-461C-B6A3-1B6A3DC2558A}"
EndProject
Global
	GlobalSection(SolutionConfigurationPlatforms) = preSolution
		Debug|Any CPU = Debug|Any CPU
		Release|Any CPU = Release|Any CPU
	EndGlobalSection
	GlobalSection(ProjectConfigurationPlatforms) = postSolution
		{A982F217-0560-461C-B6A3-1B6A3DC2558A}.Debug|Any CPU.ActiveCfg = Debug|Any CPU
		{A982F217-0560-461C-B6A3-1B6A3DC2558A}.Debug|Any CPU.Build.0 = Debug|Any CPU
		{A982F217-0560-461C-B6A3-1B6A3DC2558A}.Release|Any CPU.ActiveCfg = Release|Any CPU
		{A982F217-0560-461C-B6A3-1B6A3DC2558A}.Release|Any CPU.Build.0 = Release|Any CPU
	EndGlobalSection
	GlobalSection(SolutionProperties) = preSolution
		HideSolutionNode = FALSE
	EndGlobalSection
	GlobalSection(ExtensibilityGlobals) = postSolution
		SolutionGuid = {4A1FBD4F-D815-4E9C-8A38-126E5ACFF29C}
	EndGlobalSection
EndGlobal
