
Microsoft Visual Studio Solution File, Format Version 12.00
# Visual Studio Version 16
VisualStudioVersion = 16.0.31605.320
MinimumVisualStudioVersion = 10.0.40219.1
Project("{FAE04EC0-301F-11D3-BF4B-00C04F79EFBC}") = "Daily Report for AOL Students", "Daily Report for AOL Students\Daily Report for AOL Students.csproj", "{446D021F-E9CB-4854-8170-E844D69839D5}"
EndProject
Global
	GlobalSection(SolutionConfigurationPlatforms) = preSolution
		Debug|Any CPU = Debug|Any CPU
		Release|Any CPU = Release|Any CPU
	EndGlobalSection
	GlobalSection(ProjectConfigurationPlatforms) = postSolution
		{446D021F-E9CB-4854-8170-E844D69839D5}.Debug|Any CPU.ActiveCfg = Debug|Any CPU
		{446D021F-E9CB-4854-8170-E844D69839D5}.Debug|Any CPU.Build.0 = Debug|Any CPU
		{446D021F-E9CB-4854-8170-E844D69839D5}.Release|Any CPU.ActiveCfg = Release|Any CPU
		{446D021F-E9CB-4854-8170-E844D69839D5}.Release|Any CPU.Build.0 = Release|Any CPU
	EndGlobalSection
	GlobalSection(SolutionProperties) = preSolution
		HideSolutionNode = FALSE
	EndGlobalSection
	GlobalSection(ExtensibilityGlobals) = postSolution
		SolutionGuid = {9AA08C90-FB49-4AA0-8CA2-4106B725302C}
	EndGlobalSection
EndGlobal
