
Microsoft Visual Studio Solution File, Format Version 12.00
# Visual Studio Version 16
VisualStudioVersion = 16.0.31605.320
MinimumVisualStudioVersion = 10.0.40219.1
Project("{FAE04EC0-301F-11D3-BF4B-00C04F79EFBC}") = "Loop", "Loop\Loop.csproj", "{A7D862D6-3F2E-425B-884C-CD7C7890E60D}"
EndProject
Global
	GlobalSection(SolutionConfigurationPlatforms) = preSolution
		Debug|Any CPU = Debug|Any CPU
		Release|Any CPU = Release|Any CPU
	EndGlobalSection
	GlobalSection(ProjectConfigurationPlatforms) = postSolution
		{A7D862D6-3F2E-425B-884C-CD7C7890E60D}.Debug|Any CPU.ActiveCfg = Debug|Any CPU
		{A7D862D6-3F2E-425B-884C-CD7C7890E60D}.Debug|Any CPU.Build.0 = Debug|Any CPU
		{A7D862D6-3F2E-425B-884C-CD7C7890E60D}.Release|Any CPU.ActiveCfg = Release|Any CPU
		{A7D862D6-3F2E-425B-884C-CD7C7890E60D}.Release|Any CPU.Build.0 = Release|Any CPU
	EndGlobalSection
	GlobalSection(SolutionProperties) = preSolution
		HideSolutionNode = FALSE
	EndGlobalSection
	GlobalSection(ExtensibilityGlobals) = postSolution
		SolutionGuid = {212E62BA-95F3-44AC-B647-87E1B0EE929D}
	EndGlobalSection
EndGlobal
