
Microsoft Visual Studio Solution File, Format Version 12.00
# Visual Studio Version 16
VisualStudioVersion = 16.0.31605.320
MinimumVisualStudioVersion = 10.0.40219.1
Project("{FAE04EC0-301F-11D3-BF4B-00C04F79EFBC}") = "Operator_Overloading", "Operator_Overloading\Operator_Overloading.csproj", "{C3CE5EA3-A344-464D-AE61-0896CC4BD567}"
EndProject
Global
	GlobalSection(SolutionConfigurationPlatforms) = preSolution
		Debug|Any CPU = Debug|Any CPU
		Release|Any CPU = Release|Any CPU
	EndGlobalSection
	GlobalSection(ProjectConfigurationPlatforms) = postSolution
		{C3CE5EA3-A344-464D-AE61-0896CC4BD567}.Debug|Any CPU.ActiveCfg = Debug|Any CPU
		{C3CE5EA3-A344-464D-AE61-0896CC4BD567}.Debug|Any CPU.Build.0 = Debug|Any CPU
		{C3CE5EA3-A344-464D-AE61-0896CC4BD567}.Release|Any CPU.ActiveCfg = Release|Any CPU
		{C3CE5EA3-A344-464D-AE61-0896CC4BD567}.Release|Any CPU.Build.0 = Release|Any CPU
	EndGlobalSection
	GlobalSection(SolutionProperties) = preSolution
		HideSolutionNode = FALSE
	EndGlobalSection
	GlobalSection(ExtensibilityGlobals) = postSolution
		SolutionGuid = {ED7AEF0C-CED3-4D5B-9751-457529CBB59D}
	EndGlobalSection
EndGlobal
