
Microsoft Visual Studio Solution File, Format Version 12.00
# Visual Studio Version 16
VisualStudioVersion = 16.0.31605.320
MinimumVisualStudioVersion = 10.0.40219.1
Project("{FAE04EC0-301F-11D3-BF4B-00C04F79EFBC}") = "VariablesAndDataTypes", "VariablesAndDataTypes\VariablesAndDataTypes.csproj", "{2B0F23B9-AD29-4FAF-AE57-1907BE40B0DC}"
EndProject
Global
	GlobalSection(SolutionConfigurationPlatforms) = preSolution
		Debug|Any CPU = Debug|Any CPU
		Release|Any CPU = Release|Any CPU
	EndGlobalSection
	GlobalSection(ProjectConfigurationPlatforms) = postSolution
		{2B0F23B9-AD29-4FAF-AE57-1907BE40B0DC}.Debug|Any CPU.ActiveCfg = Debug|Any CPU
		{2B0F23B9-AD29-4FAF-AE57-1907BE40B0DC}.Debug|Any CPU.Build.0 = Debug|Any CPU
		{2B0F23B9-AD29-4FAF-AE57-1907BE40B0DC}.Release|Any CPU.ActiveCfg = Release|Any CPU
		{2B0F23B9-AD29-4FAF-AE57-1907BE40B0DC}.Release|Any CPU.Build.0 = Release|Any CPU
	EndGlobalSection
	GlobalSection(SolutionProperties) = preSolution
		HideSolutionNode = FALSE
	EndGlobalSection
	GlobalSection(ExtensibilityGlobals) = postSolution
		SolutionGuid = {359527FE-99EE-462E-8756-97819E4F046C}
	EndGlobalSection
EndGlobal
